{
  "name": "FLASK WEB APP TUTORIAL",
  "lockfileVersion": 3,
  "requires": true,
  "packages": {
    "": {
      "dependencies": {
        "konva": "^8.4.2"
      }
    },
    "node_modules/konva": {
      "version": "8.4.2",
      "resolved": "https://registry.npmjs.org/konva/-/konva-8.4.2.tgz",
      "integrity": "sha512-4VQcrgj/PI8ydJjtLcTuinHBE8o0WGX0YoRwbiN5mpYQiC52aOzJ0XbpKNDJdRvORQphK5LP+jeM0hQJEYIuUA==",
      "funding": [
        {
          "type": "patreon",
          "url": "https://www.patreon.com/lavrton"
        },
        {
          "type": "opencollective",
          "url": "https://opencollective.com/konva"
        },
        {
          "type": "github",
          "url": "https://github.com/sponsors/lavrton"
        }
      ]
    }
  }
}
